<?xml version="1.0" encoding="utf-8"?>
<Project ToolsVersion="4.0" xmlns="http://schemas.microsoft.com/developer/msbuild/2003">
  <ItemGroup>
    <Filter Include="Source Files">
      <UniqueIdentifier>{4FC737F1-C7A5-4376-A066-2A32D752A2FF}</UniqueIdentifier>
      <Extensions>cpp;c;cc;cxx;def;odl;idl;hpj;bat;asm;asmx</Extensions>
    </Filter>
    <Filter Include="Header Files">
      <UniqueIdentifier>{93995380-89BD-4b04-88EB-625FBE52EBFB}</UniqueIdentifier>
      <Extensions>h;hh;hpp;hxx;hm;inl;inc;xsd</Extensions>
    </Filter>
    <Filter Include="Resource Files">
      <UniqueIdentifier>{67DA6AB6-F800-4c08-8B7A-83BB121AAD01}</UniqueIdentifier>
      <Extensions>rc;ico;cur;bmp;dlg;rc2;rct;bin;rgs;gif;jpg;jpeg;jpe;resx;tiff;tif;png;wav;mfcribbon-ms</Extensions>
    </Filter>
    <Filter Include="Plugin Base">
      <UniqueIdentifier>{2fc3bb3c-611f-415e-ae3a-e1c4d8d0203a}</UniqueIdentifier>
    </Filter>
  </ItemGroup>
  <ItemGroup>
    <ClCompile Include="$(SolutionDir)\sdk2013\mp\src\public\tier0\memoverride.cpp">
      <Filter>Plugin Base</Filter>
    </ClCompile>
    <ClCompile Include="PluginBase\CastingPlugin.cpp">
      <Filter>Plugin Base</Filter>
    </ClCompile>
    <ClCompile Include="PluginBase\Interfaces.cpp">
      <Filter>Source Files</Filter>
    </ClCompile>
    <ClCompile Include="PluginBase\Modules.cpp">
      <Filter>Source Files</Filter>
    </ClCompile>
    <ClCompile Include="Modules\CameraTools.cpp">
      <Filter>Source Files</Filter>
    </ClCompile>
    <ClCompile Include="PluginBase\Player.cpp">
      <Filter>Source Files</Filter>
    </ClCompile>
    <ClCompile Include="PluginBase\Entities.cpp">
      <Filter>Source Files</Filter>
    </ClCompile>
    <ClCompile Include="PluginBase\Common.cpp">
      <Filter>Source Files</Filter>
    </ClCompile>
    <ClCompile Include="PluginBase\TFPlayerResource.cpp">
      <Filter>Source Files</Filter>
    </ClCompile>
    <ClCompile Include="Modules\ConsoleTools.cpp">
      <Filter>Source Files</Filter>
    </ClCompile>
    <ClCompile Include="Modules\PlayerAliases.cpp">
      <Filter>Source Files</Filter>
    </ClCompile>
    <ClCompile Include="Modules\CameraAutoSwitch.cpp">
      <Filter>Source Files</Filter>
    </ClCompile>
    <ClCompile Include="Modules\LocalPlayer.cpp">
      <Filter>Source Files</Filter>
    </ClCompile>
    <ClCompile Include="Hooking\IGroupHook.cpp">
      <Filter>Source Files</Filter>
    </ClCompile>
    <ClCompile Include="Modules\Killstreaks.cpp">
      <Filter>Source Files</Filter>
    </ClCompile>
    <ClCompile Include="Hooking\IBaseHook.cpp">
      <Filter>Source Files</Filter>
    </ClCompile>
    <ClCompile Include="..\sdk2013\mp\src\public\vgui_controls\vgui_controls.cpp">
      <Filter>Source Files</Filter>
    </ClCompile>
    <ClCompile Include="Modules\MedigunInfo.cpp">
      <Filter>Source Files</Filter>
    </ClCompile>
    <ClCompile Include="..\polyhook\PolyHook\PolyHook.cpp">
      <Filter>Source Files</Filter>
    </ClCompile>
    <ClCompile Include="Controls\VariableLabel.cpp">
      <Filter>Source Files</Filter>
    </ClCompile>
    <ClCompile Include="Controls\StubPanel.cpp">
      <Filter>Source Files</Filter>
    </ClCompile>
    <ClCompile Include="Controls\ImageProgressBar.cpp">
      <Filter>Source Files</Filter>
    </ClCompile>
    <ClCompile Include="Modules\SteamTools.cpp">
      <Filter>Source Files</Filter>
    </ClCompile>
    <ClCompile Include="PluginBase\HookManager.cpp">
      <Filter>Source Files</Filter>
    </ClCompile>
    <ClCompile Include="Modules\FOVOverride.cpp">
      <Filter>Source Files</Filter>
    </ClCompile>
    <ClCompile Include="Modules\ProjectileOutlines.cpp">
      <Filter>Source Files</Filter>
    </ClCompile>
    <ClCompile Include="Modules\TeamNames.cpp">
      <Filter>Source Files</Filter>
    </ClCompile>
    <ClCompile Include="Modules\CameraSmooths.cpp">
      <Filter>Source Files</Filter>
    </ClCompile>
    <ClCompile Include="Modules\MapFlythroughs.cpp">
      <Filter>Source Files</Filter>
    </ClCompile>
    <ClCompile Include="Misc\MissingDefinitions.cpp">
      <Filter>Source Files</Filter>
    </ClCompile>
    <ClCompile Include="Misc\DebugOverlay.cpp">
      <Filter>Source Files</Filter>
    </ClCompile>
    <ClCompile Include="Modules\FreezeInfo.cpp">
      <Filter>Source Files</Filter>
    </ClCompile>
    <ClCompile Include="Modules\Antifreeze.cpp">
      <Filter>Source Files</Filter>
    </ClCompile>
    <ClCompile Include="Modules\CameraState.cpp">
      <Filter>Source Files</Filter>
    </ClCompile>
  </ItemGroup>
  <ItemGroup>
    <ClInclude Include="PluginBase\Plugin.h">
      <Filter>Plugin Base</Filter>
    </ClInclude>
    <ClInclude Include="PluginBase\Interfaces.h">
      <Filter>Header Files</Filter>
    </ClInclude>
    <ClInclude Include="PluginBase\Common.h">
      <Filter>Header Files</Filter>
    </ClInclude>
    <ClInclude Include="PluginBase\Modules.h">
      <Filter>Header Files</Filter>
    </ClInclude>
    <ClInclude Include="PluginBase\Exceptions.h">
      <Filter>Header Files</Filter>
    </ClInclude>
    <ClInclude Include="Modules\CameraTools.h">
      <Filter>Header Files</Filter>
    </ClInclude>
    <ClInclude Include="PluginBase\TFDefinitions.h">
      <Filter>Header Files</Filter>
    </ClInclude>
    <ClInclude Include="PluginBase\Player.h">
      <Filter>Header Files</Filter>
    </ClInclude>
    <ClInclude Include="PluginBase\Entities.h">
      <Filter>Header Files</Filter>
    </ClInclude>
    <ClInclude Include="PluginBase\TFPlayerResource.h">
      <Filter>Header Files</Filter>
    </ClInclude>
    <ClInclude Include="Modules\ConsoleTools.h">
      <Filter>Header Files</Filter>
    </ClInclude>
    <ClInclude Include="Modules\PlayerAliases.h">
      <Filter>Header Files</Filter>
    </ClInclude>
    <ClInclude Include="Modules\CameraAutoSwitch.h">
      <Filter>Header Files</Filter>
    </ClInclude>
    <ClInclude Include="Modules\LocalPlayer.h">
      <Filter>Header Files</Filter>
    </ClInclude>
    <ClInclude Include="Hooking\IGroupHook.h">
      <Filter>Header Files</Filter>
    </ClInclude>
    <ClInclude Include="Hooking\GroupGlobalHook.h">
      <Filter>Header Files</Filter>
    </ClInclude>
    <ClInclude Include="Hooking\BaseGroupHook.h">
      <Filter>Header Files</Filter>
    </ClInclude>
    <ClInclude Include="Hooking\GroupClassHook.h">
      <Filter>Header Files</Filter>
    </ClInclude>
    <ClInclude Include="Hooking\GroupVirtualHook.h">
      <Filter>Header Files</Filter>
    </ClInclude>
    <ClInclude Include="Modules\Killstreaks.h">
      <Filter>Header Files</Filter>
    </ClInclude>
    <ClInclude Include="Hooking\IBaseHook.h">
      <Filter>Header Files</Filter>
    </ClInclude>
    <ClInclude Include="Hooking\HookFunctionsInvoker.h">
      <Filter>Header Files</Filter>
    </ClInclude>
    <ClInclude Include="Hooking\VariablePusher.h">
      <Filter>Header Files</Filter>
    </ClInclude>
    <ClInclude Include="Modules\MedigunInfo.h">
      <Filter>Header Files</Filter>
    </ClInclude>
    <ClInclude Include="Controls\VariableLabel.h">
      <Filter>Header Files</Filter>
    </ClInclude>
    <ClInclude Include="Controls\StubPanel.h">
      <Filter>Header Files</Filter>
    </ClInclude>
    <ClInclude Include="Controls\ImageProgressBar.h">
      <Filter>Header Files</Filter>
    </ClInclude>
    <ClInclude Include="Modules\SteamTools.h">
      <Filter>Header Files</Filter>
    </ClInclude>
    <ClInclude Include="PluginBase\HookManager.h">
      <Filter>Header Files</Filter>
    </ClInclude>
    <ClInclude Include="Modules\FOVOverride.h">
      <Filter>Header Files</Filter>
    </ClInclude>
    <ClInclude Include="Modules\ProjectileOutlines.h">
      <Filter>Header Files</Filter>
    </ClInclude>
    <ClInclude Include="Modules\TeamNames.h">
      <Filter>Header Files</Filter>
    </ClInclude>
    <ClInclude Include="Hooking\GroupManualClassHook.h">
      <Filter>Header Files</Filter>
    </ClInclude>
    <ClInclude Include="Hooking\TemplateFunctions.h">
      <Filter>Header Files</Filter>
    </ClInclude>
    <ClInclude Include="Hooking\TemplateTypedefs.h">
      <Filter>Header Files</Filter>
    </ClInclude>
    <ClInclude Include="Modules\CameraSmooths.h">
      <Filter>Header Files</Filter>
    </ClInclude>
    <ClInclude Include="Modules\MapFlythroughs.h">
      <Filter>Header Files</Filter>
    </ClInclude>
    <ClInclude Include="Misc\HLTVCameraHack.h">
      <Filter>Header Files</Filter>
    </ClInclude>
    <ClInclude Include="Modules\FreezeInfo.h">
      <Filter>Header Files</Filter>
    </ClInclude>
    <ClInclude Include="Modules\Antifreeze.h">
      <Filter>Header Files</Filter>
    </ClInclude>
    <ClInclude Include="Misc\DebugOverlay.h">
      <Filter>Header Files</Filter>
    </ClInclude>
    <ClInclude Include="Modules\CameraState.h">
      <Filter>Header Files</Filter>
    </ClInclude>
  </ItemGroup>
</Project>