<?xml version="1.0" encoding="utf-8"?>
<Project ToolsVersion="4.0" xmlns="http://schemas.microsoft.com/developer/msbuild/2003">
  <ItemGroup>
    <Natvis Include="Misc\NatVis\CBaseHandle.natvis" />
    <Natvis Include="Misc\NatVis\ClientClass.natvis" />
    <Natvis Include="Misc\NatVis\CUtlVector.natvis" />
    <Natvis Include="Misc\NatVis\RecvProp.natvis" />
    <Natvis Include="Misc\NatVis\RecvTable.natvis" />
  </ItemGroup>
  <ItemGroup>
    <ClCompile Include="$(SolutionDir)\sdk2013\mp\src\public\tier0\memoverride.cpp" />
    <ClCompile Include="..\sdk2013\mp\src\public\vgui_controls\vgui_controls.cpp" />
    <ClCompile Include="Controls\ImageProgressBar.cpp" />
    <ClCompile Include="Controls\VariableLabel.cpp" />
    <ClCompile Include="Hooking\IBaseHook.cpp" />
    <ClCompile Include="Hooking\IGroupHook.cpp" />
    <ClCompile Include="Hooking\ModuleSegments.cpp" />
    <ClCompile Include="Misc\DebugOverlay.cpp" />
    <ClCompile Include="Misc\OffsetChecking.cpp" />
    <ClCompile Include="Modules\Camera\CameraStateCallbacks.cpp" />
    <ClCompile Include="Modules\Camera\DeathCamera.cpp" />
    <ClCompile Include="Modules\Camera\FirstPersonCamera.cpp" />
    <ClCompile Include="Modules\Camera\HybridPlayerCameraSmooth.cpp" />
    <ClCompile Include="Modules\Camera\ICamera.cpp" />
    <ClCompile Include="Modules\Camera\OrbitCamera.cpp" />
    <ClCompile Include="Modules\Camera\PlayerCameraGroup.cpp" />
    <ClCompile Include="Modules\Camera\RoamingCamera.cpp" />
    <ClCompile Include="Modules\Camera\SimpleCameraSmooth.cpp" />
    <ClCompile Include="Modules\Camera\TPLockCamera.cpp" />
    <ClCompile Include="Modules\ClientTools.cpp" />
    <ClCompile Include="Modules\HitEvents.cpp" />
    <ClCompile Include="Modules\HUDHacking.cpp" />
    <ClCompile Include="Misc\MissingDefinitions.cpp" />
    <ClCompile Include="Misc\Polyhook.cpp" />
    <ClCompile Include="Modules\Antifreeze.cpp" />
    <ClCompile Include="Modules\CameraAutoSwitch.cpp" />
    <ClCompile Include="Modules\CameraSmooths.cpp" />
    <ClCompile Include="Modules\CameraState.cpp" />
    <ClCompile Include="Modules\CameraTools.cpp" />
    <ClCompile Include="Modules\ConsoleTools.cpp" />
    <ClCompile Include="Modules\Graphics.cpp" />
    <ClCompile Include="Modules\ItemSchema.cpp" />
    <ClCompile Include="Modules\Killfeed.cpp" />
    <ClCompile Include="Modules\Killstreaks.cpp" />
    <ClCompile Include="Modules\LoadoutIcons.cpp" />
    <ClCompile Include="Modules\LocalPlayer.cpp" />
    <ClCompile Include="Modules\MapConfigs.cpp" />
    <ClCompile Include="Modules\AutoCameras.cpp" />
    <ClCompile Include="Modules\MedigunInfo.cpp" />
    <ClCompile Include="Modules\PlayerAliases.cpp" />
    <ClCompile Include="Modules\ProjectileOutlines.cpp" />
    <ClCompile Include="Modules\FreezeInfo.cpp" />
    <ClCompile Include="Modules\SniperLOS.cpp" />
    <ClCompile Include="Modules\SrcTVPlus.cpp" />
    <ClCompile Include="Modules\SteamTools.cpp" />
    <ClCompile Include="Modules\TeamNames.cpp" />
    <ClCompile Include="Modules\IngameTeamScores.cpp" />
    <ClCompile Include="Modules\TextureTools.cpp" />
    <ClCompile Include="Modules\ViewAngles.cpp" />
    <ClCompile Include="Modules\WeaponTools.cpp" />
    <ClCompile Include="PluginBase\CastingPlugin.cpp" />
    <ClCompile Include="PluginBase\Common.cpp" />
    <ClCompile Include="PluginBase\Entities.cpp" />
    <ClCompile Include="PluginBase\Exceptions.cpp" />
    <ClCompile Include="PluginBase\HookManager.cpp" />
    <ClCompile Include="PluginBase\Interfaces.cpp" />
    <ClCompile Include="PluginBase\PlayerStateBase.cpp" />
    <ClCompile Include="PluginBase\Modules.cpp" />
    <ClCompile Include="PluginBase\Player.cpp" />
    <ClCompile Include="Controls\StubPanel.cpp" />
    <ClCompile Include="PluginBase\TFPlayerResource.cpp" />
    <ClCompile Include="PluginBase\TFTeamResource.cpp" />
    <ClCompile Include="Modules\Camera\LookatCamera.cpp" />
    <ClCompile Include="Modules\ExternalMinimap.cpp" />
  </ItemGroup>
  <ItemGroup>
    <ClInclude Include="Controls\ImageProgressBar.h" />
    <ClInclude Include="Controls\VariableLabel.h" />
    <ClInclude Include="Hooking\BaseGroupHook.h" />
    <ClInclude Include="Hooking\GroupGlobalVirtualHook.h" />
    <ClInclude Include="Hooking\HookShim.h" />
    <ClInclude Include="Hooking\ModuleSegments.h" />
    <ClInclude Include="Hooking\TemplateFunctions.h" />
    <ClInclude Include="Hooking\GroupClassHook.h" />
    <ClInclude Include="Hooking\GroupGlobalHook.h" />
    <ClInclude Include="Hooking\GroupManualClassHook.h" />
    <ClInclude Include="Hooking\GroupVirtualHook.h" />
    <ClInclude Include="Hooking\IBaseHook.h" />
    <ClInclude Include="Hooking\IGroupHook.h" />
    <ClInclude Include="Hooking\TemplateTypedefs.h" />
    <ClInclude Include="Misc\CCvar.h" />
    <ClInclude Include="Misc\CmdAlias.h" />
    <ClInclude Include="Misc\CommandCallbacks.h" />
    <ClInclude Include="Misc\CRefPtrFix.h" />
    <ClInclude Include="Misc\DebugOverlay.h" />
    <ClInclude Include="Misc\Extras\QAngle.h" />
    <ClInclude Include="Misc\Extras\Quaternion.h" />
    <ClInclude Include="Misc\Extras\VPlane.h" />
    <ClInclude Include="Misc\HLTVCameraHack.h" />
    <ClInclude Include="Misc\Padding.h" />
    <ClInclude Include="Modules\Camera\DeathCamera.h" />
    <ClInclude Include="Modules\Camera\FirstPersonCamera.h" />
    <ClInclude Include="Modules\Camera\HybridPlayerCameraSmooth.h" />
    <ClInclude Include="Modules\Camera\ICamera.h" />
    <ClInclude Include="Modules\Camera\ICameraGroup.h" />
    <ClInclude Include="Modules\Camera\ICameraSmooth.h" />
    <ClInclude Include="Modules\Camera\CameraStateCallbacks.h" />
    <ClInclude Include="Misc\Interpolators.h" />
    <ClInclude Include="Modules\Camera\OrbitCamera.h" />
    <ClInclude Include="Modules\Camera\PlayerCameraGroup.h" />
    <ClInclude Include="Modules\Camera\RoamingCamera.h" />
    <ClInclude Include="Modules\Camera\SimpleCameraSmooth.h" />
    <ClInclude Include="Modules\Camera\SimpleCamera.h" />
    <ClInclude Include="Modules\Camera\TPLockCamera.h" />
    <ClInclude Include="Misc\SuggestionList.h" />
    <ClInclude Include="Modules\ClientTools.h" />
    <ClInclude Include="Modules\HitEvents.h" />
    <ClInclude Include="Modules\HUDHacking.h" />
    <ClInclude Include="Modules\Antifreeze.h" />
    <ClInclude Include="Modules\CameraState.h" />
    <ClInclude Include="Modules\CameraAutoSwitch.h" />
    <ClInclude Include="Modules\CameraSmooths.h" />
    <ClInclude Include="Modules\CameraTools.h" />
    <ClInclude Include="Modules\ConsoleTools.h" />
    <ClInclude Include="Modules\FreezeInfo.h" />
    <ClInclude Include="Modules\Graphics.h" />
    <ClInclude Include="Modules\ItemSchema.h" />
    <ClInclude Include="Modules\Killfeed.h" />
    <ClInclude Include="Modules\Killstreaks.h" />
    <ClInclude Include="Modules\LoadoutIcons.h" />
    <ClInclude Include="Modules\LocalPlayer.h" />
    <ClInclude Include="Modules\MapConfigs.h" />
    <ClInclude Include="Modules\AutoCameras.h" />
    <ClInclude Include="Modules\MedigunInfo.h" />
    <ClInclude Include="Modules\PlayerAliases.h" />
    <ClInclude Include="Modules\ProjectileOutlines.h" />
    <ClInclude Include="Modules\SniperLOS.h" />
    <ClInclude Include="Modules\SrcTVPlus.h" />
    <ClInclude Include="Modules\SteamTools.h" />
    <ClInclude Include="Modules\TeamNames.h" />
    <ClInclude Include="Modules\IngameTeamScores.h" />
    <ClInclude Include="Modules\TextureTools.h" />
    <ClInclude Include="Modules\ViewAngles.h" />
    <ClInclude Include="Modules\WeaponTools.h" />
    <ClInclude Include="PluginBase\Common.h" />
    <ClInclude Include="PluginBase\Entities.h" />
    <ClInclude Include="PluginBase\EntityOffset.h" />
    <ClInclude Include="PluginBase\EntityOffsetIterator.h" />
    <ClInclude Include="PluginBase\Exceptions.h" />
    <ClInclude Include="PluginBase\Hook.h" />
    <ClInclude Include="PluginBase\HookDefinitions.h" />
    <ClInclude Include="PluginBase\HookManager.h" />
    <ClInclude Include="PluginBase\PlayerStateBase.h" />
    <ClInclude Include="PluginBase\Player.h" />
    <ClInclude Include="Controls\StubPanel.h" />
    <ClInclude Include="PluginBase\TFDefinitions.h" />
    <ClInclude Include="PluginBase\Interfaces.h" />
    <ClInclude Include="PluginBase\Modules.h" />
    <ClInclude Include="PluginBase\Plugin.h" />
    <ClInclude Include="PluginBase\TFPlayerResource.h" />
    <ClInclude Include="PluginBase\TFTeamResource.h" />
    <ClInclude Include="PluginBase\VariablePusher.h" />
    <ClInclude Include="Modules\Camera\LookatCamera.h" />
    <ClInclude Include="Modules\Camera\SmoothSettings.h" />
    <ClInclude Include="Modules\ExternalMinimap.h" />
    <ClInclude Include="Misc\CvarPusher.h" />
  </ItemGroup>
  <ItemGroup>
    <None Include=".editorconfig" />
  </ItemGroup>
</Project>